
Microsoft Visual Studio Solution File, Format Version 12.00
# Visual Studio Version 17
VisualStudioVersion = 17.11.35327.3
MinimumVisualStudioVersion = 10.0.40219.1
Project("{FAE04EC0-301F-11D3-BF4B-00C04F79EFBC}") = "ExpenseTracker", "ExpenseTracker.csproj", "{CD8CF5CE-26A4-402F-AA56-2853A96E571B}"
EndProject
Global
	GlobalSection(SolutionConfigurationPlatforms) = preSolution
		Debug|Any CPU = Debug|Any CPU
		Release|Any CPU = Release|Any CPU
	EndGlobalSection
	GlobalSection(ProjectConfigurationPlatforms) = postSolution
		{CD8CF5CE-26A4-402F-AA56-2853A96E571B}.Debug|Any CPU.ActiveCfg = Debug|Any CPU
		{CD8CF5CE-26A4-402F-AA56-2853A96E571B}.Debug|Any CPU.Build.0 = Debug|Any CPU
		{CD8CF5CE-26A4-402F-AA56-2853A96E571B}.Release|Any CPU.ActiveCfg = Release|Any CPU
		{CD8CF5CE-26A4-402F-AA56-2853A96E571B}.Release|Any CPU.Build.0 = Release|Any CPU
	EndGlobalSection
	GlobalSection(SolutionProperties) = preSolution
		HideSolutionNode = FALSE
	EndGlobalSection
	GlobalSection(ExtensibilityGlobals) = postSolution
		SolutionGuid = {8029F9A4-885B-47B6-8AC0-08BE578673F3}
	EndGlobalSection
EndGlobal
